// !$*UTF8*$!
{
	archiveVersion = 1;
	classes = {
	};
	objectVersion = 56;
	objects = {

/* Begin PBXBuildFile section */
		CA1646912B28644B003A2CAF /* swiftui_pinch_and_zoom_app_ios16App.swift in Sources */ = {isa = PBXBuildFile; fileRef = CA1646902B28644B003A2CAF /* swiftui_pinch_and_zoom_app_ios16App.swift */; };
		CA1646932B28644B003A2CAF /* ContentView.swift in Sources */ = {isa = PBXBuildFile; fileRef = CA1646922B28644B003A2CAF /* ContentView.swift */; };
		CA1646952B28644C003A2CAF /* Assets.xcassets in Resources */ = {isa = PBXBuildFile; fileRef = CA1646942B28644C003A2CAF /* Assets.xcassets */; };
		CA1646982B28644C003A2CAF /* Preview Assets.xcassets in Resources */ = {isa = PBXBuildFile; fileRef = CA1646972B28644C003A2CAF /* Preview Assets.xcassets */; };
		CA8EFFF02B2CAED50002273F /* InfoPanelView.swift in Sources */ = {isa = PBXBuildFile; fileRef = CA8EFFEF2B2CAED40002273F /* InfoPanelView.swift */; };
		CA8EFFF22B2F338D0002273F /* ControlImageView.swift in Sources */ = {isa = PBXBuildFile; fileRef = CA8EFFF12B2F338D0002273F /* ControlImageView.swift */; };
		CA8EFFF42B3364300002273F /* PageModel.swift in Sources */ = {isa = PBXBuildFile; fileRef = CA8EFFF32B3364300002273F /* PageModel.swift */; };
		CA8EFFF62B33650D0002273F /* PageData.swift in Sources */ = {isa = PBXBuildFile; fileRef = CA8EFFF52B33650D0002273F /* PageData.swift */; };
/* End PBXBuildFile section */

/* Begin PBXFileReference section */
		CA16468D2B28644B003A2CAF /* swiftui-pinch-and-zoom-app-ios16.app */ = {isa = PBXFileReference; explicitFileType = wrapper.application; includeInIndex = 0; path = "swiftui-pinch-and-zoom-app-ios16.app"; sourceTree = BUILT_PRODUCTS_DIR; };
		CA1646902B28644B003A2CAF /* swiftui_pinch_and_zoom_app_ios16App.swift */ = {isa = PBXFileReference; lastKnownFileType = sourcecode.swift; path = swiftui_pinch_and_zoom_app_ios16App.swift; sourceTree = "<group>"; };
		CA1646922B28644B003A2CAF /* ContentView.swift */ = {isa = PBXFileReference; lastKnownFileType = sourcecode.swift; path = ContentView.swift; sourceTree = "<group>"; };
		CA1646942B28644C003A2CAF /* Assets.xcassets */ = {isa = PBXFileReference; lastKnownFileType = folder.assetcatalog; path = Assets.xcassets; sourceTree = "<group>"; };
		CA1646972B28644C003A2CAF /* Preview Assets.xcassets */ = {isa = PBXFileReference; lastKnownFileType = folder.assetcatalog; path = "Preview Assets.xcassets"; sourceTree = "<group>"; };
		CA8EFFEF2B2CAED40002273F /* InfoPanelView.swift */ = {isa = PBXFileReference; lastKnownFileType = sourcecode.swift; path = InfoPanelView.swift; sourceTree = "<group>"; };
		CA8EFFF12B2F338D0002273F /* ControlImageView.swift */ = {isa = PBXFileReference; lastKnownFileType = sourcecode.swift; path = ControlImageView.swift; sourceTree = "<group>"; };
		CA8EFFF32B3364300002273F /* PageModel.swift */ = {isa = PBXFileReference; lastKnownFileType = sourcecode.swift; path = PageModel.swift; sourceTree = "<group>"; };
		CA8EFFF52B33650D0002273F /* PageData.swift */ = {isa = PBXFileReference; lastKnownFileType = sourcecode.swift; path = PageData.swift; sourceTree = "<group>"; };
/* End PBXFileReference section */

/* Begin PBXFrameworksBuildPhase section */
		CA16468A2B28644B003A2CAF /* Frameworks */ = {
			isa = PBXFrameworksBuildPhase;
			buildActionMask = 2147483647;
			files = (
			);
			runOnlyForDeploymentPostprocessing = 0;
		};
/* End PBXFrameworksBuildPhase section */

/* Begin PBXGroup section */
		CA1646842B28644B003A2CAF = {
			isa = PBXGroup;
			children = (
				CA16468F2B28644B003A2CAF /* swiftui-pinch-and-zoom-app-ios16 */,
				CA16468E2B28644B003A2CAF /* Products */,
			);
			sourceTree = "<group>";
		};
		CA16468E2B28644B003A2CAF /* Products */ = {
			isa = PBXGroup;
			children = (
				CA16468D2B28644B003A2CAF /* swiftui-pinch-and-zoom-app-ios16.app */,
			);
			name = Products;
			sourceTree = "<group>";
		};
		CA16468F2B28644B003A2CAF /* swiftui-pinch-and-zoom-app-ios16 */ = {
			isa = PBXGroup;
			children = (
				CA1646A12B291EC3003A2CAF /* Data */,
				CA1646A02B291D16003A2CAF /* Models */,
				CA16469F2B2864C0003A2CAF /* Views */,
				CA1646902B28644B003A2CAF /* swiftui_pinch_and_zoom_app_ios16App.swift */,
				CA16469E2B2864B4003A2CAF /* Screens */,
				CA1646942B28644C003A2CAF /* Assets.xcassets */,
				CA1646962B28644C003A2CAF /* Preview Content */,
			);
			path = "swiftui-pinch-and-zoom-app-ios16";
			sourceTree = "<group>";
		};
		CA1646962B28644C003A2CAF /* Preview Content */ = {
			isa = PBXGroup;
			children = (
				CA1646972B28644C003A2CAF /* Preview Assets.xcassets */,
			);
			path = "Preview Content";
			sourceTree = "<group>";
		};
		CA16469E2B2864B4003A2CAF /* Screens */ = {
			isa = PBXGroup;
			children = (
				CA1646922B28644B003A2CAF /* ContentView.swift */,
			);
			path = Screens;
			sourceTree = "<group>";
		};
		CA16469F2B2864C0003A2CAF /* Views */ = {
			isa = PBXGroup;
			children = (
				CA8EFFEF2B2CAED40002273F /* InfoPanelView.swift */,
				CA8EFFF12B2F338D0002273F /* ControlImageView.swift */,
			);
			path = Views;
			sourceTree = "<group>";
		};
		CA1646A02B291D16003A2CAF /* Models */ = {
			isa = PBXGroup;
			children = (
				CA8EFFF32B3364300002273F /* PageModel.swift */,
			);
			path = Models;
			sourceTree = "<group>";
		};
		CA1646A12B291EC3003A2CAF /* Data */ = {
			isa = PBXGroup;
			children = (
				CA8EFFF52B33650D0002273F /* PageData.swift */,
			);
			path = Data;
			sourceTree = "<group>";
		};
/* End PBXGroup section */

/* Begin PBXNativeTarget section */
		CA16468C2B28644B003A2CAF /* swiftui-pinch-and-zoom-app-ios16 */ = {
			isa = PBXNativeTarget;
			buildConfigurationList = CA16469B2B28644C003A2CAF /* Build configuration list for PBXNativeTarget "swiftui-pinch-and-zoom-app-ios16" */;
			buildPhases = (
				CA1646892B28644B003A2CAF /* Sources */,
				CA16468A2B28644B003A2CAF /* Frameworks */,
				CA16468B2B28644B003A2CAF /* Resources */,
			);
			buildRules = (
			);
			dependencies = (
			);
			name = "swiftui-pinch-and-zoom-app-ios16";
			productName = "swiftui-pinch-and-zoom-app-ios16";
			productReference = CA16468D2B28644B003A2CAF /* swiftui-pinch-and-zoom-app-ios16.app */;
			productType = "com.apple.product-type.application";
		};
/* End PBXNativeTarget section */

/* Begin PBXProject section */
		CA1646852B28644B003A2CAF /* Project object */ = {
			isa = PBXProject;
			attributes = {
				BuildIndependentTargetsInParallel = 1;
				LastSwiftUpdateCheck = 1500;
				LastUpgradeCheck = 1500;
				TargetAttributes = {
					CA16468C2B28644B003A2CAF = {
						CreatedOnToolsVersion = 15.0;
					};
				};
			};
			buildConfigurationList = CA1646882B28644B003A2CAF /* Build configuration list for PBXProject "swiftui-pinch-and-zoom-app-ios16" */;
			compatibilityVersion = "Xcode 14.0";
			developmentRegion = en;
			hasScannedForEncodings = 0;
			knownRegions = (
				en,
				Base,
			);
			mainGroup = CA1646842B28644B003A2CAF;
			productRefGroup = CA16468E2B28644B003A2CAF /* Products */;
			projectDirPath = "";
			projectRoot = "";
			targets = (
				CA16468C2B28644B003A2CAF /* swiftui-pinch-and-zoom-app-ios16 */,
			);
		};
/* End PBXProject section */

/* Begin PBXResourcesBuildPhase section */
		CA16468B2B28644B003A2CAF /* Resources */ = {
			isa = PBXResourcesBuildPhase;
			buildActionMask = 2147483647;
			files = (
				CA1646982B28644C003A2CAF /* Preview Assets.xcassets in Resources */,
				CA1646952B28644C003A2CAF /* Assets.xcassets in Resources */,
			);
			runOnlyForDeploymentPostprocessing = 0;
		};
/* End PBXResourcesBuildPhase section */

/* Begin PBXSourcesBuildPhase section */
		CA1646892B28644B003A2CAF /* Sources */ = {
			isa = PBXSourcesBuildPhase;
			buildActionMask = 2147483647;
			files = (
				CA8EFFF22B2F338D0002273F /* ControlImageView.swift in Sources */,
				CA8EFFF62B33650D0002273F /* PageData.swift in Sources */,
				CA8EFFF42B3364300002273F /* PageModel.swift in Sources */,
				CA1646932B28644B003A2CAF /* ContentView.swift in Sources */,
				CA1646912B28644B003A2CAF /* swiftui_pinch_and_zoom_app_ios16App.swift in Sources */,
				CA8EFFF02B2CAED50002273F /* InfoPanelView.swift in Sources */,
			);
			runOnlyForDeploymentPostprocessing = 0;
		};
/* End PBXSourcesBuildPhase section */

/* Begin XCBuildConfiguration section */
		CA1646992B28644C003A2CAF /* Debug */ = {
			isa = XCBuildConfiguration;
			buildSettings = {
				ALWAYS_SEARCH_USER_PATHS = NO;
				ASSETCATALOG_COMPILER_GENERATE_SWIFT_ASSET_SYMBOL_EXTENSIONS = YES;
				CLANG_ANALYZER_NONNULL = YES;
				CLANG_ANALYZER_NUMBER_OBJECT_CONVERSION = YES_AGGRESSIVE;
				CLANG_CXX_LANGUAGE_STANDARD = "gnu++20";
				CLANG_ENABLE_MODULES = YES;
				CLANG_ENABLE_OBJC_ARC = YES;
				CLANG_ENABLE_OBJC_WEAK = YES;
				CLANG_WARN_BLOCK_CAPTURE_AUTORELEASING = YES;
				CLANG_WARN_BOOL_CONVERSION = YES;
				CLANG_WARN_COMMA = YES;
				CLANG_WARN_CONSTANT_CONVERSION = YES;
				CLANG_WARN_DEPRECATED_OBJC_IMPLEMENTATIONS = YES;
				CLANG_WARN_DIRECT_OBJC_ISA_USAGE = YES_ERROR;
				CLANG_WARN_DOCUMENTATION_COMMENTS = YES;
				CLANG_WARN_EMPTY_BODY = YES;
				CLANG_WARN_ENUM_CONVERSION = YES;
				CLANG_WARN_INFINITE_RECURSION = YES;
				CLANG_WARN_INT_CONVERSION = YES;
				CLANG_WARN_NON_LITERAL_NULL_CONVERSION = YES;
				CLANG_WARN_OBJC_IMPLICIT_RETAIN_SELF = YES;
				CLANG_WARN_OBJC_LITERAL_CONVERSION = YES;
				CLANG_WARN_OBJC_ROOT_CLASS = YES_ERROR;
				CLANG_WARN_QUOTED_INCLUDE_IN_FRAMEWORK_HEADER = YES;
				CLANG_WARN_RANGE_LOOP_ANALYSIS = YES;
				CLANG_WARN_STRICT_PROTOTYPES = YES;
				CLANG_WARN_SUSPICIOUS_MOVE = YES;
				CLANG_WARN_UNGUARDED_AVAILABILITY = YES_AGGRESSIVE;
				CLANG_WARN_UNREACHABLE_CODE = YES;
				CLANG_WARN__DUPLICATE_METHOD_MATCH = YES;
				COPY_PHASE_STRIP = NO;
				DEBUG_INFORMATION_FORMAT = dwarf;
				ENABLE_STRICT_OBJC_MSGSEND = YES;
				ENABLE_TESTABILITY = YES;
				ENABLE_USER_SCRIPT_SANDBOXING = YES;
				GCC_C_LANGUAGE_STANDARD = gnu17;
				GCC_DYNAMIC_NO_PIC = NO;
				GCC_NO_COMMON_BLOCKS = YES;
				GCC_OPTIMIZATION_LEVEL = 0;
				GCC_PREPROCESSOR_DEFINITIONS = (
					"DEBUG=1",
					"$(inherited)",
				);
				GCC_WARN_64_TO_32_BIT_CONVERSION = YES;
				GCC_WARN_ABOUT_RETURN_TYPE = YES_ERROR;
				GCC_WARN_UNDECLARED_SELECTOR = YES;
				GCC_WARN_UNINITIALIZED_AUTOS = YES_AGGRESSIVE;
				GCC_WARN_UNUSED_FUNCTION = YES;
				GCC_WARN_UNUSED_VARIABLE = YES;
				IPHONEOS_DEPLOYMENT_TARGET = 16.0;
				LOCALIZATION_PREFERS_STRING_CATALOGS = YES;
				MTL_ENABLE_DEBUG_INFO = INCLUDE_SOURCE;
				MTL_FAST_MATH = YES;
				ONLY_ACTIVE_ARCH = YES;
				SDKROOT = iphoneos;
				SWIFT_ACTIVE_COMPILATION_CONDITIONS = "DEBUG $(inherited)";
				SWIFT_OPTIMIZATION_LEVEL = "-Onone";
			};
			name = Debug;
		};
		CA16469A2B28644C003A2CAF /* Release */ = {
			isa = XCBuildConfiguration;
			buildSettings = {
				ALWAYS_SEARCH_USER_PATHS = NO;
				ASSETCATALOG_COMPILER_GENERATE_SWIFT_ASSET_SYMBOL_EXTENSIONS = YES;
				CLANG_ANALYZER_NONNULL = YES;
				CLANG_ANALYZER_NUMBER_OBJECT_CONVERSION = YES_AGGRESSIVE;
				CLANG_CXX_LANGUAGE_STANDARD = "gnu++20";
				CLANG_ENABLE_MODULES = YES;
				CLANG_ENABLE_OBJC_ARC = YES;
				CLANG_ENABLE_OBJC_WEAK = YES;
				CLANG_WARN_BLOCK_CAPTURE_AUTORELEASING = YES;
				CLANG_WARN_BOOL_CONVERSION = YES;
				CLANG_WARN_COMMA = YES;
				CLANG_WARN_CONSTANT_CONVERSION = YES;
				CLANG_WARN_DEPRECATED_OBJC_IMPLEMENTATIONS = YES;
				CLANG_WARN_DIRECT_OBJC_ISA_USAGE = YES_ERROR;
				CLANG_WARN_DOCUMENTATION_COMMENTS = YES;
				CLANG_WARN_EMPTY_BODY = YES;
				CLANG_WARN_ENUM_CONVERSION = YES;
				CLANG_WARN_INFINITE_RECURSION = YES;
				CLANG_WARN_INT_CONVERSION = YES;
				CLANG_WARN_NON_LITERAL_NULL_CONVERSION = YES;
				CLANG_WARN_OBJC_IMPLICIT_RETAIN_SELF = YES;
				CLANG_WARN_OBJC_LITERAL_CONVERSION = YES;
				CLANG_WARN_OBJC_ROOT_CLASS = YES_ERROR;
				CLANG_WARN_QUOTED_INCLUDE_IN_FRAMEWORK_HEADER = YES;
				CLANG_WARN_RANGE_LOOP_ANALYSIS = YES;
				CLANG_WARN_STRICT_PROTOTYPES = YES;
				CLANG_WARN_SUSPICIOUS_MOVE = YES;
				CLANG_WARN_UNGUARDED_AVAILABILITY = YES_AGGRESSIVE;
				CLANG_WARN_UNREACHABLE_CODE = YES;
				CLANG_WARN__DUPLICATE_METHOD_MATCH = YES;
				COPY_PHASE_STRIP = NO;
				DEBUG_INFORMATION_FORMAT = "dwarf-with-dsym";
				ENABLE_NS_ASSERTIONS = NO;
				ENABLE_STRICT_OBJC_MSGSEND = YES;
				ENABLE_USER_SCRIPT_SANDBOXING = YES;
				GCC_C_LANGUAGE_STANDARD = gnu17;
				GCC_NO_COMMON_BLOCKS = YES;
				GCC_WARN_64_TO_32_BIT_CONVERSION = YES;
				GCC_WARN_ABOUT_RETURN_TYPE = YES_ERROR;
				GCC_WARN_UNDECLARED_SELECTOR = YES;
				GCC_WARN_UNINITIALIZED_AUTOS = YES_AGGRESSIVE;
				GCC_WARN_UNUSED_FUNCTION = YES;
				GCC_WARN_UNUSED_VARIABLE = YES;
				IPHONEOS_DEPLOYMENT_TARGET = 16.0;
				LOCALIZATION_PREFERS_STRING_CATALOGS = YES;
				MTL_ENABLE_DEBUG_INFO = NO;
				MTL_FAST_MATH = YES;
				SDKROOT = iphoneos;
				SWIFT_COMPILATION_MODE = wholemodule;
				VALIDATE_PRODUCT = YES;
			};
			name = Release;
		};
		CA16469C2B28644C003A2CAF /* Debug */ = {
			isa = XCBuildConfiguration;
			buildSettings = {
				ASSETCATALOG_COMPILER_APPICON_NAME = AppIcon;
				ASSETCATALOG_COMPILER_GLOBAL_ACCENT_COLOR_NAME = AccentColor;
				CODE_SIGN_STYLE = Automatic;
				CURRENT_PROJECT_VERSION = 1;
				DEVELOPMENT_ASSET_PATHS = "\"swiftui-pinch-and-zoom-app-ios16/Preview Content\"";
				DEVELOPMENT_TEAM = 8NBCXA89KF;
				ENABLE_PREVIEWS = YES;
				GENERATE_INFOPLIST_FILE = YES;
				INFOPLIST_KEY_UIApplicationSceneManifest_Generation = YES;
				INFOPLIST_KEY_UIApplicationSupportsIndirectInputEvents = YES;
				INFOPLIST_KEY_UILaunchScreen_Generation = YES;
				INFOPLIST_KEY_UISupportedInterfaceOrientations = UIInterfaceOrientationPortrait;
				INFOPLIST_KEY_UISupportedInterfaceOrientations_iPad = "UIInterfaceOrientationLandscapeLeft UIInterfaceOrientationLandscapeRight UIInterfaceOrientationPortrait UIInterfaceOrientationPortraitUpsideDown";
				IPHONEOS_DEPLOYMENT_TARGET = 16.0;
				LD_RUNPATH_SEARCH_PATHS = (
					"$(inherited)",
					"@executable_path/Frameworks",
				);
				MARKETING_VERSION = 1.0;
				PRODUCT_BUNDLE_IDENTIFIER = "svponomarenko.swiftui-pinch-and-zoom-app-ios16";
				PRODUCT_NAME = "$(TARGET_NAME)";
				SWIFT_EMIT_LOC_STRINGS = YES;
				SWIFT_VERSION = 5.0;
				TARGETED_DEVICE_FAMILY = "1,2";
			};
			name = Debug;
		};
		CA16469D2B28644C003A2CAF /* Release */ = {
			isa = XCBuildConfiguration;
			buildSettings = {
				ASSETCATALOG_COMPILER_APPICON_NAME = AppIcon;
				ASSETCATALOG_COMPILER_GLOBAL_ACCENT_COLOR_NAME = AccentColor;
				CODE_SIGN_STYLE = Automatic;
				CURRENT_PROJECT_VERSION = 1;
				DEVELOPMENT_ASSET_PATHS = "\"swiftui-pinch-and-zoom-app-ios16/Preview Content\"";
				DEVELOPMENT_TEAM = 8NBCXA89KF;
				ENABLE_PREVIEWS = YES;
				GENERATE_INFOPLIST_FILE = YES;
				INFOPLIST_KEY_UIApplicationSceneManifest_Generation = YES;
				INFOPLIST_KEY_UIApplicationSupportsIndirectInputEvents = YES;
				INFOPLIST_KEY_UILaunchScreen_Generation = YES;
				INFOPLIST_KEY_UISupportedInterfaceOrientations = UIInterfaceOrientationPortrait;
				INFOPLIST_KEY_UISupportedInterfaceOrientations_iPad = "UIInterfaceOrientationLandscapeLeft UIInterfaceOrientationLandscapeRight UIInterfaceOrientationPortrait UIInterfaceOrientationPortraitUpsideDown";
				IPHONEOS_DEPLOYMENT_TARGET = 16.0;
				LD_RUNPATH_SEARCH_PATHS = (
					"$(inherited)",
					"@executable_path/Frameworks",
				);
				MARKETING_VERSION = 1.0;
				PRODUCT_BUNDLE_IDENTIFIER = "svponomarenko.swiftui-pinch-and-zoom-app-ios16";
				PRODUCT_NAME = "$(TARGET_NAME)";
				SWIFT_EMIT_LOC_STRINGS = YES;
				SWIFT_VERSION = 5.0;
				TARGETED_DEVICE_FAMILY = "1,2";
			};
			name = Release;
		};
/* End XCBuildConfiguration section */

/* Begin XCConfigurationList section */
		CA1646882B28644B003A2CAF /* Build configuration list for PBXProject "swiftui-pinch-and-zoom-app-ios16" */ = {
			isa = XCConfigurationList;
			buildConfigurations = (
				CA1646992B28644C003A2CAF /* Debug */,
				CA16469A2B28644C003A2CAF /* Release */,
			);
			defaultConfigurationIsVisible = 0;
			defaultConfigurationName = Release;
		};
		CA16469B2B28644C003A2CAF /* Build configuration list for PBXNativeTarget "swiftui-pinch-and-zoom-app-ios16" */ = {
			isa = XCConfigurationList;
			buildConfigurations = (
				CA16469C2B28644C003A2CAF /* Debug */,
				CA16469D2B28644C003A2CAF /* Release */,
			);
			defaultConfigurationIsVisible = 0;
			defaultConfigurationName = Release;
		};
/* End XCConfigurationList section */
	};
	rootObject = CA1646852B28644B003A2CAF /* Project object */;
}
